{
  "object": {
    "pins": [
      {
        "package": "Get",
        "repositoryURL": "https://github.com/kean/Get",
        "state": {
          "branch": "main",
          "revision": "068b400e3850f0953ec25d11d3a3893c4538ffd5",
          "version": null
        }
      }
    ]
  },
  "version": 1
}
